// !$*UTF8*$!
{
	archiveVersion = 1;
	classes = {
	};
	objectVersion = 50;
	objects = {

/* Begin PBXBuildFile section */
		179A6BA121A681CB001773D6 /* AppDelegate.swift in Sources */ = {isa = PBXBuildFile; fileRef = 179A6BA021A681CB001773D6 /* AppDelegate.swift */; };
		179A6BA621A681CB001773D6 /* Main.storyboard in Resources */ = {isa = PBXBuildFile; fileRef = 179A6BA421A681CB001773D6 /* Main.storyboard */; };
		179A6BA821A681CE001773D6 /* Assets.xcassets in Resources */ = {isa = PBXBuildFile; fileRef = 179A6BA721A681CE001773D6 /* Assets.xcassets */; };
		179A6BAB21A681CE001773D6 /* LaunchScreen.storyboard in Resources */ = {isa = PBXBuildFile; fileRef = 179A6BA921A681CE001773D6 /* LaunchScreen.storyboard */; };
		179A6BB921A6863A001773D6 /* HomeViewController.swift in Sources */ = {isa = PBXBuildFile; fileRef = 179A6BB821A6863A001773D6 /* HomeViewController.swift */; };
		179A6BBC21A686E0001773D6 /* CircleButton.swift in Sources */ = {isa = PBXBuildFile; fileRef = 179A6BBB21A686E0001773D6 /* CircleButton.swift */; };
		17B335F221A68E4300C987DA /* HistoryViewModel.swift in Sources */ = {isa = PBXBuildFile; fileRef = 17B335F121A68E4300C987DA /* HistoryViewModel.swift */; };
		17B335F721A68E9700C987DA /* DatabaseInstance.swift in Sources */ = {isa = PBXBuildFile; fileRef = 17B335F621A68E9700C987DA /* DatabaseInstance.swift */; };
		17B335FB21A68ED200C987DA /* IAME.xcdatamodeld in Sources */ = {isa = PBXBuildFile; fileRef = 17B335F921A68ED200C987DA /* IAME.xcdatamodeld */; };
		17B335FF21A6929900C987DA /* HistoryModel.swift in Sources */ = {isa = PBXBuildFile; fileRef = 17B335FE21A6929900C987DA /* HistoryModel.swift */; };
		5CCD6FDFE64B5D09DDE916F0 /* Pods_IAME_ImageProcesse.framework in Frameworks */ = {isa = PBXBuildFile; fileRef = E2EF9BC251D126D90580F209 /* Pods_IAME_ImageProcesse.framework */; };
/* End PBXBuildFile section */

/* Begin PBXFileReference section */
		179A6B9D21A681CB001773D6 /* IAME_ImageProcesse.app */ = {isa = PBXFileReference; explicitFileType = wrapper.application; includeInIndex = 0; path = IAME_ImageProcesse.app; sourceTree = BUILT_PRODUCTS_DIR; };
		179A6BA021A681CB001773D6 /* AppDelegate.swift */ = {isa = PBXFileReference; lastKnownFileType = sourcecode.swift; path = AppDelegate.swift; sourceTree = "<group>"; };
		179A6BA521A681CB001773D6 /* Base */ = {isa = PBXFileReference; lastKnownFileType = file.storyboard; name = Base; path = Base.lproj/Main.storyboard; sourceTree = "<group>"; };
		179A6BA721A681CE001773D6 /* Assets.xcassets */ = {isa = PBXFileReference; lastKnownFileType = folder.assetcatalog; path = Assets.xcassets; sourceTree = "<group>"; };
		179A6BAA21A681CE001773D6 /* Base */ = {isa = PBXFileReference; lastKnownFileType = file.storyboard; name = Base; path = Base.lproj/LaunchScreen.storyboard; sourceTree = "<group>"; };
		179A6BAC21A681CE001773D6 /* Info.plist */ = {isa = PBXFileReference; lastKnownFileType = text.plist.xml; path = Info.plist; sourceTree = "<group>"; };
		179A6BB821A6863A001773D6 /* HomeViewController.swift */ = {isa = PBXFileReference; lastKnownFileType = sourcecode.swift; path = HomeViewController.swift; sourceTree = "<group>"; };
		179A6BBB21A686E0001773D6 /* CircleButton.swift */ = {isa = PBXFileReference; lastKnownFileType = sourcecode.swift; path = CircleButton.swift; sourceTree = "<group>"; };
		17B335F121A68E4300C987DA /* HistoryViewModel.swift */ = {isa = PBXFileReference; lastKnownFileType = sourcecode.swift; path = HistoryViewModel.swift; sourceTree = "<group>"; };
		17B335F621A68E9700C987DA /* DatabaseInstance.swift */ = {isa = PBXFileReference; fileEncoding = 4; lastKnownFileType = sourcecode.swift; path = DatabaseInstance.swift; sourceTree = "<group>"; };
		17B335FA21A68ED200C987DA /* IAME.xcdatamodel */ = {isa = PBXFileReference; lastKnownFileType = wrapper.xcdatamodel; path = IAME.xcdatamodel; sourceTree = "<group>"; };
		17B335FE21A6929900C987DA /* HistoryModel.swift */ = {isa = PBXFileReference; lastKnownFileType = sourcecode.swift; path = HistoryModel.swift; sourceTree = "<group>"; };
		2DC12C39D9C72F1551453B4C /* Pods-IAME_ImageProcesse.debug.xcconfig */ = {isa = PBXFileReference; includeInIndex = 1; lastKnownFileType = text.xcconfig; name = "Pods-IAME_ImageProcesse.debug.xcconfig"; path = "Pods/Target Support Files/Pods-IAME_ImageProcesse/Pods-IAME_ImageProcesse.debug.xcconfig"; sourceTree = "<group>"; };
		5EE9828330097BBC41A30E83 /* Pods-IAME_ImageProcesse.release.xcconfig */ = {isa = PBXFileReference; includeInIndex = 1; lastKnownFileType = text.xcconfig; name = "Pods-IAME_ImageProcesse.release.xcconfig"; path = "Pods/Target Support Files/Pods-IAME_ImageProcesse/Pods-IAME_ImageProcesse.release.xcconfig"; sourceTree = "<group>"; };
		E2EF9BC251D126D90580F209 /* Pods_IAME_ImageProcesse.framework */ = {isa = PBXFileReference; explicitFileType = wrapper.framework; includeInIndex = 0; path = Pods_IAME_ImageProcesse.framework; sourceTree = BUILT_PRODUCTS_DIR; };
/* End PBXFileReference section */

/* Begin PBXFrameworksBuildPhase section */
		179A6B9A21A681CB001773D6 /* Frameworks */ = {
			isa = PBXFrameworksBuildPhase;
			buildActionMask = 2147483647;
			files = (
				5CCD6FDFE64B5D09DDE916F0 /* Pods_IAME_ImageProcesse.framework in Frameworks */,
			);
			runOnlyForDeploymentPostprocessing = 0;
		};
/* End PBXFrameworksBuildPhase section */

/* Begin PBXGroup section */
		179A6B9421A681CB001773D6 = {
			isa = PBXGroup;
			children = (
				179A6B9F21A681CB001773D6 /* IAME_ImageProcesse */,
				179A6B9E21A681CB001773D6 /* Products */,
				9EC47116A7090685EF94259B /* Pods */,
				9CD675AED2BC2873ACDB8007 /* Frameworks */,
			);
			sourceTree = "<group>";
		};
		179A6B9E21A681CB001773D6 /* Products */ = {
			isa = PBXGroup;
			children = (
				179A6B9D21A681CB001773D6 /* IAME_ImageProcesse.app */,
			);
			name = Products;
			sourceTree = "<group>";
		};
		179A6B9F21A681CB001773D6 /* IAME_ImageProcesse */ = {
			isa = PBXGroup;
			children = (
				179A6BA021A681CB001773D6 /* AppDelegate.swift */,
				179A6BB421A681EA001773D6 /* View */,
				179A6BB321A681E5001773D6 /* ViewModel */,
				179A6BB221A681DF001773D6 /* Model */,
				179A6BB621A68208001773D6 /* Resources */,
			);
			path = IAME_ImageProcesse;
			sourceTree = "<group>";
		};
		179A6BB221A681DF001773D6 /* Model */ = {
			isa = PBXGroup;
			children = (
				17B335FE21A6929900C987DA /* HistoryModel.swift */,
				17B335F821A68EC100C987DA /* Database */,
			);
			path = Model;
			sourceTree = "<group>";
		};
		179A6BB321A681E5001773D6 /* ViewModel */ = {
			isa = PBXGroup;
			children = (
				17B335F121A68E4300C987DA /* HistoryViewModel.swift */,
			);
			path = ViewModel;
			sourceTree = "<group>";
		};
		179A6BB421A681EA001773D6 /* View */ = {
			isa = PBXGroup;
			children = (
				179A6BBA21A686BA001773D6 /* UIKit */,
				179A6BB721A685F9001773D6 /* Controller */,
				179A6BB521A681F1001773D6 /* Interface */,
			);
			path = View;
			sourceTree = "<group>";
		};
		179A6BB521A681F1001773D6 /* Interface */ = {
			isa = PBXGroup;
			children = (
				179A6BA421A681CB001773D6 /* Main.storyboard */,
				179A6BA921A681CE001773D6 /* LaunchScreen.storyboard */,
			);
			path = Interface;
			sourceTree = "<group>";
		};
		179A6BB621A68208001773D6 /* Resources */ = {
			isa = PBXGroup;
			children = (
				179A6BA721A681CE001773D6 /* Assets.xcassets */,
				179A6BAC21A681CE001773D6 /* Info.plist */,
			);
			path = Resources;
			sourceTree = "<group>";
		};
		179A6BB721A685F9001773D6 /* Controller */ = {
			isa = PBXGroup;
			children = (
				179A6BB821A6863A001773D6 /* HomeViewController.swift */,
			);
			path = Controller;
			sourceTree = "<group>";
		};
		179A6BBA21A686BA001773D6 /* UIKit */ = {
			isa = PBXGroup;
			children = (
				179A6BBB21A686E0001773D6 /* CircleButton.swift */,
			);
			path = UIKit;
			sourceTree = "<group>";
		};
		17B335F821A68EC100C987DA /* Database */ = {
			isa = PBXGroup;
			children = (
				17B335F621A68E9700C987DA /* DatabaseInstance.swift */,
				17B335F921A68ED200C987DA /* IAME.xcdatamodeld */,
			);
			path = Database;
			sourceTree = "<group>";
		};
		9CD675AED2BC2873ACDB8007 /* Frameworks */ = {
			isa = PBXGroup;
			children = (
				E2EF9BC251D126D90580F209 /* Pods_IAME_ImageProcesse.framework */,
			);
			name = Frameworks;
			sourceTree = "<group>";
		};
		9EC47116A7090685EF94259B /* Pods */ = {
			isa = PBXGroup;
			children = (
				2DC12C39D9C72F1551453B4C /* Pods-IAME_ImageProcesse.debug.xcconfig */,
				5EE9828330097BBC41A30E83 /* Pods-IAME_ImageProcesse.release.xcconfig */,
			);
			name = Pods;
			sourceTree = "<group>";
		};
/* End PBXGroup section */

/* Begin PBXNativeTarget section */
		179A6B9C21A681CB001773D6 /* IAME_ImageProcesse */ = {
			isa = PBXNativeTarget;
			buildConfigurationList = 179A6BAF21A681CE001773D6 /* Build configuration list for PBXNativeTarget "IAME_ImageProcesse" */;
			buildPhases = (
				D4FD9C2BBCED91D2B3A55BB3 /* [CP] Check Pods Manifest.lock */,
				179A6B9921A681CB001773D6 /* Sources */,
				179A6B9A21A681CB001773D6 /* Frameworks */,
				179A6B9B21A681CB001773D6 /* Resources */,
				BBC997ACCBDD93498DE11645 /* [CP] Embed Pods Frameworks */,
			);
			buildRules = (
			);
			dependencies = (
			);
			name = IAME_ImageProcesse;
			productName = IAME_ImageProcesse;
			productReference = 179A6B9D21A681CB001773D6 /* IAME_ImageProcesse.app */;
			productType = "com.apple.product-type.application";
		};
/* End PBXNativeTarget section */

/* Begin PBXProject section */
		179A6B9521A681CB001773D6 /* Project object */ = {
			isa = PBXProject;
			attributes = {
				LastSwiftUpdateCheck = 1010;
				LastUpgradeCheck = 1010;
				ORGANIZATIONNAME = "Hassan Shahbazi";
				TargetAttributes = {
					179A6B9C21A681CB001773D6 = {
						CreatedOnToolsVersion = 10.1;
					};
				};
			};
			buildConfigurationList = 179A6B9821A681CB001773D6 /* Build configuration list for PBXProject "IAME_ImageProcesse" */;
			compatibilityVersion = "Xcode 9.3";
			developmentRegion = en;
			hasScannedForEncodings = 0;
			knownRegions = (
				en,
				Base,
			);
			mainGroup = 179A6B9421A681CB001773D6;
			productRefGroup = 179A6B9E21A681CB001773D6 /* Products */;
			projectDirPath = "";
			projectRoot = "";
			targets = (
				179A6B9C21A681CB001773D6 /* IAME_ImageProcesse */,
			);
		};
/* End PBXProject section */

/* Begin PBXResourcesBuildPhase section */
		179A6B9B21A681CB001773D6 /* Resources */ = {
			isa = PBXResourcesBuildPhase;
			buildActionMask = 2147483647;
			files = (
				179A6BAB21A681CE001773D6 /* LaunchScreen.storyboard in Resources */,
				179A6BA821A681CE001773D6 /* Assets.xcassets in Resources */,
				179A6BA621A681CB001773D6 /* Main.storyboard in Resources */,
			);
			runOnlyForDeploymentPostprocessing = 0;
		};
/* End PBXResourcesBuildPhase section */

/* Begin PBXShellScriptBuildPhase section */
		BBC997ACCBDD93498DE11645 /* [CP] Embed Pods Frameworks */ = {
			isa = PBXShellScriptBuildPhase;
			buildActionMask = 2147483647;
			files = (
			);
			inputPaths = (
				"${SRCROOT}/Pods/Target Support Files/Pods-IAME_ImageProcesse/Pods-IAME_ImageProcesse-frameworks.sh",
				"${BUILT_PRODUCTS_DIR}/GPUImage/GPUImage.framework",
				"${BUILT_PRODUCTS_DIR}/SwiftOCR/SwiftOCR.framework",
			);
			name = "[CP] Embed Pods Frameworks";
			outputPaths = (
				"${TARGET_BUILD_DIR}/${FRAMEWORKS_FOLDER_PATH}/GPUImage.framework",
				"${TARGET_BUILD_DIR}/${FRAMEWORKS_FOLDER_PATH}/SwiftOCR.framework",
			);
			runOnlyForDeploymentPostprocessing = 0;
			shellPath = /bin/sh;
			shellScript = "\"${SRCROOT}/Pods/Target Support Files/Pods-IAME_ImageProcesse/Pods-IAME_ImageProcesse-frameworks.sh\"\n";
			showEnvVarsInLog = 0;
		};
		D4FD9C2BBCED91D2B3A55BB3 /* [CP] Check Pods Manifest.lock */ = {
			isa = PBXShellScriptBuildPhase;
			buildActionMask = 2147483647;
			files = (
			);
			inputPaths = (
				"${PODS_PODFILE_DIR_PATH}/Podfile.lock",
				"${PODS_ROOT}/Manifest.lock",
			);
			name = "[CP] Check Pods Manifest.lock";
			outputPaths = (
				"$(DERIVED_FILE_DIR)/Pods-IAME_ImageProcesse-checkManifestLockResult.txt",
			);
			runOnlyForDeploymentPostprocessing = 0;
			shellPath = /bin/sh;
			shellScript = "diff \"${PODS_PODFILE_DIR_PATH}/Podfile.lock\" \"${PODS_ROOT}/Manifest.lock\" > /dev/null\nif [ $? != 0 ] ; then\n    # print error to STDERR\n    echo \"error: The sandbox is not in sync with the Podfile.lock. Run 'pod install' or update your CocoaPods installation.\" >&2\n    exit 1\nfi\n# This output is used by Xcode 'outputs' to avoid re-running this script phase.\necho \"SUCCESS\" > \"${SCRIPT_OUTPUT_FILE_0}\"\n";
			showEnvVarsInLog = 0;
		};
/* End PBXShellScriptBuildPhase section */

/* Begin PBXSourcesBuildPhase section */
		179A6B9921A681CB001773D6 /* Sources */ = {
			isa = PBXSourcesBuildPhase;
			buildActionMask = 2147483647;
			files = (
				179A6BBC21A686E0001773D6 /* CircleButton.swift in Sources */,
				17B335FB21A68ED200C987DA /* IAME.xcdatamodeld in Sources */,
				179A6BA121A681CB001773D6 /* AppDelegate.swift in Sources */,
				179A6BB921A6863A001773D6 /* HomeViewController.swift in Sources */,
				17B335F221A68E4300C987DA /* HistoryViewModel.swift in Sources */,
				17B335FF21A6929900C987DA /* HistoryModel.swift in Sources */,
				17B335F721A68E9700C987DA /* DatabaseInstance.swift in Sources */,
			);
			runOnlyForDeploymentPostprocessing = 0;
		};
/* End PBXSourcesBuildPhase section */

/* Begin PBXVariantGroup section */
		179A6BA421A681CB001773D6 /* Main.storyboard */ = {
			isa = PBXVariantGroup;
			children = (
				179A6BA521A681CB001773D6 /* Base */,
			);
			name = Main.storyboard;
			sourceTree = "<group>";
		};
		179A6BA921A681CE001773D6 /* LaunchScreen.storyboard */ = {
			isa = PBXVariantGroup;
			children = (
				179A6BAA21A681CE001773D6 /* Base */,
			);
			name = LaunchScreen.storyboard;
			sourceTree = "<group>";
		};
/* End PBXVariantGroup section */

/* Begin XCBuildConfiguration section */
		179A6BAD21A681CE001773D6 /* Debug */ = {
			isa = XCBuildConfiguration;
			buildSettings = {
				ALWAYS_SEARCH_USER_PATHS = NO;
				CLANG_ANALYZER_NONNULL = YES;
				CLANG_ANALYZER_NUMBER_OBJECT_CONVERSION = YES_AGGRESSIVE;
				CLANG_CXX_LANGUAGE_STANDARD = "gnu++14";
				CLANG_CXX_LIBRARY = "libc++";
				CLANG_ENABLE_MODULES = YES;
				CLANG_ENABLE_OBJC_ARC = YES;
				CLANG_ENABLE_OBJC_WEAK = YES;
				CLANG_WARN_BLOCK_CAPTURE_AUTORELEASING = YES;
				CLANG_WARN_BOOL_CONVERSION = YES;
				CLANG_WARN_COMMA = YES;
				CLANG_WARN_CONSTANT_CONVERSION = YES;
				CLANG_WARN_DEPRECATED_OBJC_IMPLEMENTATIONS = YES;
				CLANG_WARN_DIRECT_OBJC_ISA_USAGE = YES_ERROR;
				CLANG_WARN_DOCUMENTATION_COMMENTS = YES;
				CLANG_WARN_EMPTY_BODY = YES;
				CLANG_WARN_ENUM_CONVERSION = YES;
				CLANG_WARN_INFINITE_RECURSION = YES;
				CLANG_WARN_INT_CONVERSION = YES;
				CLANG_WARN_NON_LITERAL_NULL_CONVERSION = YES;
				CLANG_WARN_OBJC_IMPLICIT_RETAIN_SELF = YES;
				CLANG_WARN_OBJC_LITERAL_CONVERSION = YES;
				CLANG_WARN_OBJC_ROOT_CLASS = YES_ERROR;
				CLANG_WARN_RANGE_LOOP_ANALYSIS = YES;
				CLANG_WARN_STRICT_PROTOTYPES = YES;
				CLANG_WARN_SUSPICIOUS_MOVE = YES;
				CLANG_WARN_UNGUARDED_AVAILABILITY = YES_AGGRESSIVE;
				CLANG_WARN_UNREACHABLE_CODE = YES;
				CLANG_WARN__DUPLICATE_METHOD_MATCH = YES;
				CODE_SIGN_IDENTITY = "iPhone Developer";
				COPY_PHASE_STRIP = NO;
				DEBUG_INFORMATION_FORMAT = dwarf;
				ENABLE_STRICT_OBJC_MSGSEND = YES;
				ENABLE_TESTABILITY = YES;
				GCC_C_LANGUAGE_STANDARD = gnu11;
				GCC_DYNAMIC_NO_PIC = NO;
				GCC_NO_COMMON_BLOCKS = YES;
				GCC_OPTIMIZATION_LEVEL = 0;
				GCC_PREPROCESSOR_DEFINITIONS = (
					"DEBUG=1",
					"$(inherited)",
				);
				GCC_WARN_64_TO_32_BIT_CONVERSION = YES;
				GCC_WARN_ABOUT_RETURN_TYPE = YES_ERROR;
				GCC_WARN_UNDECLARED_SELECTOR = YES;
				GCC_WARN_UNINITIALIZED_AUTOS = YES_AGGRESSIVE;
				GCC_WARN_UNUSED_FUNCTION = YES;
				GCC_WARN_UNUSED_VARIABLE = YES;
				IPHONEOS_DEPLOYMENT_TARGET = 12.1;
				MTL_ENABLE_DEBUG_INFO = INCLUDE_SOURCE;
				MTL_FAST_MATH = YES;
				ONLY_ACTIVE_ARCH = YES;
				SDKROOT = iphoneos;
				SWIFT_ACTIVE_COMPILATION_CONDITIONS = DEBUG;
				SWIFT_OPTIMIZATION_LEVEL = "-Onone";
			};
			name = Debug;
		};
		179A6BAE21A681CE001773D6 /* Release */ = {
			isa = XCBuildConfiguration;
			buildSettings = {
				ALWAYS_SEARCH_USER_PATHS = NO;
				CLANG_ANALYZER_NONNULL = YES;
				CLANG_ANALYZER_NUMBER_OBJECT_CONVERSION = YES_AGGRESSIVE;
				CLANG_CXX_LANGUAGE_STANDARD = "gnu++14";
				CLANG_CXX_LIBRARY = "libc++";
				CLANG_ENABLE_MODULES = YES;
				CLANG_ENABLE_OBJC_ARC = YES;
				CLANG_ENABLE_OBJC_WEAK = YES;
				CLANG_WARN_BLOCK_CAPTURE_AUTORELEASING = YES;
				CLANG_WARN_BOOL_CONVERSION = YES;
				CLANG_WARN_COMMA = YES;
				CLANG_WARN_CONSTANT_CONVERSION = YES;
				CLANG_WARN_DEPRECATED_OBJC_IMPLEMENTATIONS = YES;
				CLANG_WARN_DIRECT_OBJC_ISA_USAGE = YES_ERROR;
				CLANG_WARN_DOCUMENTATION_COMMENTS = YES;
				CLANG_WARN_EMPTY_BODY = YES;
				CLANG_WARN_ENUM_CONVERSION = YES;
				CLANG_WARN_INFINITE_RECURSION = YES;
				CLANG_WARN_INT_CONVERSION = YES;
				CLANG_WARN_NON_LITERAL_NULL_CONVERSION = YES;
				CLANG_WARN_OBJC_IMPLICIT_RETAIN_SELF = YES;
				CLANG_WARN_OBJC_LITERAL_CONVERSION = YES;
				CLANG_WARN_OBJC_ROOT_CLASS = YES_ERROR;
				CLANG_WARN_RANGE_LOOP_ANALYSIS = YES;
				CLANG_WARN_STRICT_PROTOTYPES = YES;
				CLANG_WARN_SUSPICIOUS_MOVE = YES;
				CLANG_WARN_UNGUARDED_AVAILABILITY = YES_AGGRESSIVE;
				CLANG_WARN_UNREACHABLE_CODE = YES;
				CLANG_WARN__DUPLICATE_METHOD_MATCH = YES;
				CODE_SIGN_IDENTITY = "iPhone Developer";
				COPY_PHASE_STRIP = NO;
				DEBUG_INFORMATION_FORMAT = "dwarf-with-dsym";
				ENABLE_NS_ASSERTIONS = NO;
				ENABLE_STRICT_OBJC_MSGSEND = YES;
				GCC_C_LANGUAGE_STANDARD = gnu11;
				GCC_NO_COMMON_BLOCKS = YES;
				GCC_WARN_64_TO_32_BIT_CONVERSION = YES;
				GCC_WARN_ABOUT_RETURN_TYPE = YES_ERROR;
				GCC_WARN_UNDECLARED_SELECTOR = YES;
				GCC_WARN_UNINITIALIZED_AUTOS = YES_AGGRESSIVE;
				GCC_WARN_UNUSED_FUNCTION = YES;
				GCC_WARN_UNUSED_VARIABLE = YES;
				IPHONEOS_DEPLOYMENT_TARGET = 12.1;
				MTL_ENABLE_DEBUG_INFO = NO;
				MTL_FAST_MATH = YES;
				SDKROOT = iphoneos;
				SWIFT_COMPILATION_MODE = wholemodule;
				SWIFT_OPTIMIZATION_LEVEL = "-O";
				VALIDATE_PRODUCT = YES;
			};
			name = Release;
		};
		179A6BB021A681CE001773D6 /* Debug */ = {
			isa = XCBuildConfiguration;
			baseConfigurationReference = 2DC12C39D9C72F1551453B4C /* Pods-IAME_ImageProcesse.debug.xcconfig */;
			buildSettings = {
				ASSETCATALOG_COMPILER_APPICON_NAME = AppIcon;
				CODE_SIGN_STYLE = Automatic;
				DEVELOPMENT_TEAM = 92TDT63R6P;
				INFOPLIST_FILE = "$(SRCROOT)/IAME_ImageProcesse/Resources/Info.plist";
				LD_RUNPATH_SEARCH_PATHS = (
					"$(inherited)",
					"@executable_path/Frameworks",
				);
				PRODUCT_BUNDLE_IDENTIFIER = "com.IAME.IAME-ImageProcesse";
				PRODUCT_NAME = "$(TARGET_NAME)";
				SWIFT_VERSION = 4.2;
				TARGETED_DEVICE_FAMILY = "1,2";
			};
			name = Debug;
		};
		179A6BB121A681CE001773D6 /* Release */ = {
			isa = XCBuildConfiguration;
			baseConfigurationReference = 5EE9828330097BBC41A30E83 /* Pods-IAME_ImageProcesse.release.xcconfig */;
			buildSettings = {
				ASSETCATALOG_COMPILER_APPICON_NAME = AppIcon;
				CODE_SIGN_STYLE = Automatic;
				DEVELOPMENT_TEAM = 92TDT63R6P;
				INFOPLIST_FILE = "$(SRCROOT)/IAME_ImageProcesse/Resources/Info.plist";
				LD_RUNPATH_SEARCH_PATHS = (
					"$(inherited)",
					"@executable_path/Frameworks",
				);
				PRODUCT_BUNDLE_IDENTIFIER = "com.IAME.IAME-ImageProcesse";
				PRODUCT_NAME = "$(TARGET_NAME)";
				SWIFT_VERSION = 4.2;
				TARGETED_DEVICE_FAMILY = "1,2";
			};
			name = Release;
		};
/* End XCBuildConfiguration section */

/* Begin XCConfigurationList section */
		179A6B9821A681CB001773D6 /* Build configuration list for PBXProject "IAME_ImageProcesse" */ = {
			isa = XCConfigurationList;
			buildConfigurations = (
				179A6BAD21A681CE001773D6 /* Debug */,
				179A6BAE21A681CE001773D6 /* Release */,
			);
			defaultConfigurationIsVisible = 0;
			defaultConfigurationName = Release;
		};
		179A6BAF21A681CE001773D6 /* Build configuration list for PBXNativeTarget "IAME_ImageProcesse" */ = {
			isa = XCConfigurationList;
			buildConfigurations = (
				179A6BB021A681CE001773D6 /* Debug */,
				179A6BB121A681CE001773D6 /* Release */,
			);
			defaultConfigurationIsVisible = 0;
			defaultConfigurationName = Release;
		};
/* End XCConfigurationList section */

/* Begin XCVersionGroup section */
		17B335F921A68ED200C987DA /* IAME.xcdatamodeld */ = {
			isa = XCVersionGroup;
			children = (
				17B335FA21A68ED200C987DA /* IAME.xcdatamodel */,
			);
			currentVersion = 17B335FA21A68ED200C987DA /* IAME.xcdatamodel */;
			path = IAME.xcdatamodeld;
			sourceTree = "<group>";
			versionGroupType = wrapper.xcdatamodel;
		};
/* End XCVersionGroup section */
	};
	rootObject = 179A6B9521A681CB001773D6 /* Project object */;
}
